schema: '2.0'
stages:
  preprocess_data:
    cmd:
    - python data/preprocess_save.py --config=params.yaml
    deps:
    - path: data/get_data.py
      hash: md5
      md5: 25757dff8e87d9d33adee7fcf0c3afb0
      size: 736
    - path: data/preprocess_save.py
      hash: md5
      md5: 62d5d941716fedbdd82ac54e1e3b29bf
      size: 613
    - path: data_given/winequality.csv
      hash: md5
      md5: ccc8d3507eb151f53f760d36abdef888
      size: 91998
    outs:
    - path: data/raw/winequality.csv
      hash: md5
      md5: c2090817d6f0cb6b77e63429d1733941
      size: 100484
  train_test:
    cmd:
    - python data/train_test.py
    deps:
    - path: data/get_data.py
      hash: md5
      md5: 25757dff8e87d9d33adee7fcf0c3afb0
      size: 736
    - path: data/raw/winequality.csv
      hash: md5
      md5: c2090817d6f0cb6b77e63429d1733941
      size: 100484
    - path: data/train_test.py
      hash: md5
      md5: 054c4cc56777803a39ce670857e18db0
      size: 1052
    outs:
    - path: data/processed/test_winequality.csv
      hash: md5
      md5: c28e276d69e359656b7f57f3fd2c3515
      size: 21605
    - path: data/processed/train_winequality.csv
      hash: md5
      md5: c21e42296c1f7702c6abf8c2962c5366
      size: 85933
  train_eval_model:
    cmd:
    - python models/train_eval_model.py --config params.yaml
    deps:
    - path: data/get_data.py
      hash: md5
      md5: 25757dff8e87d9d33adee7fcf0c3afb0
      size: 736
    - path: data/processed/test_winequality.csv
      hash: md5
      md5: c28e276d69e359656b7f57f3fd2c3515
      size: 21605
    - path: data/processed/train_winequality.csv
      hash: md5
      md5: c21e42296c1f7702c6abf8c2962c5366
      size: 85933
    - path: models/train_eval_model.py
      hash: md5
      md5: 4b57b53c200077144259c1e0c6168a25
      size: 2531
    params:
      params.yaml:
        estimators.ElasticNet.params.alpha: 0.859
        estimators.ElasticNet.params.l1_ratio: 0.44
    outs:
    - path: models/model.joblib
      hash: md5
      md5: 8c30fa186def9fdfb2bd1dd6a50f4e1a
      size: 1280
    - path: models/reports/params.json
      hash: md5
      md5: d6717c50d52495aa0781304731b14797
      size: 47
    - path: models/reports/scores.json
      hash: md5
      md5: e04b579a61170ece879c20ea2384c70b
      size: 100
